{
  "name": "yingfeng-i5",
  "version": "0.1.0",
  "lockfileVersion": 1,
  "requires": true,
  "dependencies": {
    "is-docker": {
      "version": "2.0.0",
      "resolved": "https://registry.npm.taobao.org/is-docker/download/is-docker-2.0.0.tgz",
      "integrity": "sha1-LLDfDnXi0GT+GGTDfN6st7Lc8ls="
    },
    "is-wsl": {
      "version": "2.1.1",
      "resolved": "https://registry.npm.taobao.org/is-wsl/download/is-wsl-2.1.1.tgz?cache=0&sync_timestamp=1569219566107&other_urls=https%3A%2F%2Fregistry.npm.taobao.org%2Fis-wsl%2Fdownload%2Fis-wsl-2.1.1.tgz",
      "integrity": "sha1-ShwVLUKd89RBZpSY4khtNZbrrx0="
    },
    "open": {
      "version": "7.0.3",
      "resolved": "https://registry.npm.taobao.org/open/download/open-7.0.3.tgz?cache=0&sync_timestamp=1583734682914&other_urls=https%3A%2F%2Fregistry.npm.taobao.org%2Fopen%2Fdownload%2Fopen-7.0.3.tgz",
      "integrity": "sha1-21UaGvnHq0x69mQTmTCCYThTHEg=",
      "requires": {
        "is-docker": "^2.0.0",
        "is-wsl": "^2.1.1"
      }
    }
  }
}
